
Microsoft Visual Studio Solution File, Format Version 12.00
# Visual Studio Version 17
VisualStudioVersion = 17.2.32602.215
MinimumVisualStudioVersion = 10.0.40219.1
Project("{9A19103F-16F7-4668-BE54-9A1E7A4F7556}") = "ImageCropper", "ImageCropper\ImageCropper.csproj", "{F9983375-FAFB-4703-852B-9D17CCEE4F11}"
EndProject
Project("{FAE04EC0-301F-11D3-BF4B-00C04F79EFBC}") = "ImageCropperDemo", "ImageCropperDemo\ImageCropperDemo.csproj", "{6CAA4CE3-63A9-48D8-977B-2460C5A4B733}"
EndProject
Global
	GlobalSection(SolutionConfigurationPlatforms) = preSolution
		Debug|Any CPU = Debug|Any CPU
		Release|Any CPU = Release|Any CPU
	EndGlobalSection
	GlobalSection(ProjectConfigurationPlatforms) = postSolution
		{F9983375-FAFB-4703-852B-9D17CCEE4F11}.Debug|Any CPU.ActiveCfg = Debug|Any CPU
		{F9983375-FAFB-4703-852B-9D17CCEE4F11}.Debug|Any CPU.Build.0 = Debug|Any CPU
		{F9983375-FAFB-4703-852B-9D17CCEE4F11}.Release|Any CPU.ActiveCfg = Release|Any CPU
		{F9983375-FAFB-4703-852B-9D17CCEE4F11}.Release|Any CPU.Build.0 = Release|Any CPU
		{6CAA4CE3-63A9-48D8-977B-2460C5A4B733}.Debug|Any CPU.ActiveCfg = Debug|Any CPU
		{6CAA4CE3-63A9-48D8-977B-2460C5A4B733}.Debug|Any CPU.Build.0 = Debug|Any CPU
		{6CAA4CE3-63A9-48D8-977B-2460C5A4B733}.Release|Any CPU.ActiveCfg = Release|Any CPU
		{6CAA4CE3-63A9-48D8-977B-2460C5A4B733}.Release|Any CPU.Build.0 = Release|Any CPU
	EndGlobalSection
	GlobalSection(SolutionProperties) = preSolution
		HideSolutionNode = FALSE
	EndGlobalSection
	GlobalSection(ExtensibilityGlobals) = postSolution
		SolutionGuid = {4FBFC443-009B-41F9-9A99-67739C7C2A7D}
	EndGlobalSection
EndGlobal
